
Microsoft Visual Studio Solution File, Format Version 12.00
# Visual Studio Version 17
VisualStudioVersion = 17.14.36310.24 d17.14
MinimumVisualStudioVersion = 10.0.40219.1
Project("{8BC9CEB8-8B4A-11D0-8D11-00A0C91BC942}") = "OpenGL_SandCastle", "OpenGL_SandCastle.vcxproj", "{E781101C-9824-4F16-B0A0-BD38083AC985}"
EndProject
Global
	GlobalSection(SolutionConfigurationPlatforms) = preSolution
		Debug|x64 = Debug|x64
		Debug|x86 = Debug|x86
		Release|x64 = Release|x64
		Release|x86 = Release|x86
	EndGlobalSection
	GlobalSection(ProjectConfigurationPlatforms) = postSolution
		{E781101C-9824-4F16-B0A0-BD38083AC985}.Debug|x64.ActiveCfg = Debug|x64
		{E781101C-9824-4F16-B0A0-BD38083AC985}.Debug|x64.Build.0 = Debug|x64
		{E781101C-9824-4F16-B0A0-BD38083AC985}.Debug|x86.ActiveCfg = Debug|Win32
		{E781101C-9824-4F16-B0A0-BD38083AC985}.Debug|x86.Build.0 = Debug|Win32
		{E781101C-9824-4F16-B0A0-BD38083AC985}.Release|x64.ActiveCfg = Release|x64
		{E781101C-9824-4F16-B0A0-BD38083AC985}.Release|x64.Build.0 = Release|x64
		{E781101C-9824-4F16-B0A0-BD38083AC985}.Release|x86.ActiveCfg = Release|Win32
		{E781101C-9824-4F16-B0A0-BD38083AC985}.Release|x86.Build.0 = Release|Win32
	EndGlobalSection
	GlobalSection(SolutionProperties) = preSolution
		HideSolutionNode = FALSE
	EndGlobalSection
	GlobalSection(ExtensibilityGlobals) = postSolution
		SolutionGuid = {F2B812F5-0ECE-4CFB-9DC3-F546CD04984A}
	EndGlobalSection
EndGlobal
